{
  "name": "bitbrowser-reddit-flow-monitor",
  "version": "1.0.0",
  "lockfileVersion": 3,
  "requires": true,
  "packages": {
    "": {
      "name": "bitbrowser-reddit-flow-monitor",
      "version": "1.0.0",
      "dependencies": {
        "xbogus": "^1.0.2"
      },
      "engines": {
        "node": ">=22.5"
      }
    },
    "node_modules/xbogus": {
      "version": "1.0.2",
      "resolved": "https://repo.huaweicloud.com/repository/npm/xbogus/-/xbogus-1.0.2.tgz",
      "integrity": "sha512-T8skigNrKyFmMqoDaKgcL/osf+kumxgNTyJ4vmcyusjVoq2XsSQdai9ywHl0Yd3KlbJehXwZoFZ0B2nfiiaeLA==",
      "license": "ISC"
    }
  }
}
